
Microsoft Visual Studio Solution File, Format Version 12.00
# Visual Studio Version 17
VisualStudioVersion = 17.5.33502.453
MinimumVisualStudioVersion = 10.0.40219.1
Project("{FAE04EC0-301F-11D3-BF4B-00C04F79EFBC}") = "MyMath", "MyMath.csproj", "{D39296EF-FFC4-4E53-9EE6-0BD73A1126B6}"
EndProject
Project("{FAE04EC0-301F-11D3-BF4B-00C04F79EFBC}") = "MathTests", "..\MathTests\MathTests.csproj", "{0049939D-E050-4569-853A-249216DF63C2}"
EndProject
Global
	GlobalSection(SolutionConfigurationPlatforms) = preSolution
		Debug|Any CPU = Debug|Any CPU
		Release|Any CPU = Release|Any CPU
	EndGlobalSection
	GlobalSection(ProjectConfigurationPlatforms) = postSolution
		{D39296EF-FFC4-4E53-9EE6-0BD73A1126B6}.Debug|Any CPU.ActiveCfg = Debug|Any CPU
		{D39296EF-FFC4-4E53-9EE6-0BD73A1126B6}.Debug|Any CPU.Build.0 = Debug|Any CPU
		{D39296EF-FFC4-4E53-9EE6-0BD73A1126B6}.Release|Any CPU.ActiveCfg = Release|Any CPU
		{D39296EF-FFC4-4E53-9EE6-0BD73A1126B6}.Release|Any CPU.Build.0 = Release|Any CPU
		{0049939D-E050-4569-853A-249216DF63C2}.Debug|Any CPU.ActiveCfg = Debug|Any CPU
		{0049939D-E050-4569-853A-249216DF63C2}.Debug|Any CPU.Build.0 = Debug|Any CPU
		{0049939D-E050-4569-853A-249216DF63C2}.Release|Any CPU.ActiveCfg = Release|Any CPU
		{0049939D-E050-4569-853A-249216DF63C2}.Release|Any CPU.Build.0 = Release|Any CPU
	EndGlobalSection
	GlobalSection(SolutionProperties) = preSolution
		HideSolutionNode = FALSE
	EndGlobalSection
	GlobalSection(ExtensibilityGlobals) = postSolution
		SolutionGuid = {688D0C5C-0180-47AC-BEAF-BF04527E95DC}
	EndGlobalSection
EndGlobal
